
Microsoft Visual Studio Solution File, Format Version 12.00
# Visual Studio Version 17
VisualStudioVersion = 17.1.32414.318
MinimumVisualStudioVersion = 10.0.40219.1
Project("{9A19103F-16F7-4668-BE54-9A1E7A4F7556}") = "Tourplanner", "DemoSub\Tourplanner.csproj", "{A8AE79E0-FB42-47EA-8BC5-18361B55DA23}"
EndProject
Project("{9A19103F-16F7-4668-BE54-9A1E7A4F7556}") = "Tourplanner.BusinessLayer", "Tourplanner.MapQuest\Tourplanner.BusinessLayer.csproj", "{7319E8BF-0EC9-4B2B-BD24-C5C31889829C}"
EndProject
Project("{9A19103F-16F7-4668-BE54-9A1E7A4F7556}") = "Tourplanner.Models", "Tourplanner.Models\Tourplanner.Models.csproj", "{62D5AD6B-ACB3-4221-A538-0DDD8E021256}"
EndProject
Project("{9A19103F-16F7-4668-BE54-9A1E7A4F7556}") = "Tourplanner.DataAccessLayer", "Tourplanner.DataAccessLayer\Tourplanner.DataAccessLayer.csproj", "{845ED8CE-B1A6-4C2E-8C79-95936AA3AF72}"
EndProject
Project("{9A19103F-16F7-4668-BE54-9A1E7A4F7556}") = "Tourplanner.UnitTests", "Tourplanner.UnitTests\Tourplanner.UnitTests.csproj", "{4D07B679-5C27-4042-9EC3-3B440E01A54B}"
EndProject
Project("{FAE04EC0-301F-11D3-BF4B-00C04F79EFBC}") = "Tourplanner.Shared", "Tourplanner.Shared\Tourplanner.Shared.csproj", "{E98BF15C-125E-4E28-954E-DC45B83287F2}"
EndProject
Project("{FAE04EC0-301F-11D3-BF4B-00C04F79EFBC}") = "Tourplanner.Shared.Log4Net", "Tourplanner.Shared.Log4Net\Tourplanner.Shared.Log4Net.csproj", "{4C9CE648-E430-4AB7-8AD5-EABD84081072}"
EndProject
Global
	GlobalSection(SolutionConfigurationPlatforms) = preSolution
		Debug|Any CPU = Debug|Any CPU
		Release|Any CPU = Release|Any CPU
	EndGlobalSection
	GlobalSection(ProjectConfigurationPlatforms) = postSolution
		{A8AE79E0-FB42-47EA-8BC5-18361B55DA23}.Debug|Any CPU.ActiveCfg = Debug|Any CPU
		{A8AE79E0-FB42-47EA-8BC5-18361B55DA23}.Debug|Any CPU.Build.0 = Debug|Any CPU
		{A8AE79E0-FB42-47EA-8BC5-18361B55DA23}.Release|Any CPU.ActiveCfg = Release|Any CPU
		{A8AE79E0-FB42-47EA-8BC5-18361B55DA23}.Release|Any CPU.Build.0 = Release|Any CPU
		{7319E8BF-0EC9-4B2B-BD24-C5C31889829C}.Debug|Any CPU.ActiveCfg = Debug|Any CPU
		{7319E8BF-0EC9-4B2B-BD24-C5C31889829C}.Debug|Any CPU.Build.0 = Debug|Any CPU
		{7319E8BF-0EC9-4B2B-BD24-C5C31889829C}.Release|Any CPU.ActiveCfg = Release|Any CPU
		{7319E8BF-0EC9-4B2B-BD24-C5C31889829C}.Release|Any CPU.Build.0 = Release|Any CPU
		{62D5AD6B-ACB3-4221-A538-0DDD8E021256}.Debug|Any CPU.ActiveCfg = Debug|Any CPU
		{62D5AD6B-ACB3-4221-A538-0DDD8E021256}.Debug|Any CPU.Build.0 = Debug|Any CPU
		{62D5AD6B-ACB3-4221-A538-0DDD8E021256}.Release|Any CPU.ActiveCfg = Release|Any CPU
		{62D5AD6B-ACB3-4221-A538-0DDD8E021256}.Release|Any CPU.Build.0 = Release|Any CPU
		{845ED8CE-B1A6-4C2E-8C79-95936AA3AF72}.Debug|Any CPU.ActiveCfg = Debug|Any CPU
		{845ED8CE-B1A6-4C2E-8C79-95936AA3AF72}.Debug|Any CPU.Build.0 = Debug|Any CPU
		{845ED8CE-B1A6-4C2E-8C79-95936AA3AF72}.Release|Any CPU.ActiveCfg = Release|Any CPU
		{845ED8CE-B1A6-4C2E-8C79-95936AA3AF72}.Release|Any CPU.Build.0 = Release|Any CPU
		{4D07B679-5C27-4042-9EC3-3B440E01A54B}.Debug|Any CPU.ActiveCfg = Debug|Any CPU
		{4D07B679-5C27-4042-9EC3-3B440E01A54B}.Debug|Any CPU.Build.0 = Debug|Any CPU
		{4D07B679-5C27-4042-9EC3-3B440E01A54B}.Release|Any CPU.ActiveCfg = Release|Any CPU
		{4D07B679-5C27-4042-9EC3-3B440E01A54B}.Release|Any CPU.Build.0 = Release|Any CPU
		{E98BF15C-125E-4E28-954E-DC45B83287F2}.Debug|Any CPU.ActiveCfg = Debug|Any CPU
		{E98BF15C-125E-4E28-954E-DC45B83287F2}.Debug|Any CPU.Build.0 = Debug|Any CPU
		{E98BF15C-125E-4E28-954E-DC45B83287F2}.Release|Any CPU.ActiveCfg = Release|Any CPU
		{E98BF15C-125E-4E28-954E-DC45B83287F2}.Release|Any CPU.Build.0 = Release|Any CPU
		{4C9CE648-E430-4AB7-8AD5-EABD84081072}.Debug|Any CPU.ActiveCfg = Debug|Any CPU
		{4C9CE648-E430-4AB7-8AD5-EABD84081072}.Debug|Any CPU.Build.0 = Debug|Any CPU
		{4C9CE648-E430-4AB7-8AD5-EABD84081072}.Release|Any CPU.ActiveCfg = Release|Any CPU
		{4C9CE648-E430-4AB7-8AD5-EABD84081072}.Release|Any CPU.Build.0 = Release|Any CPU
	EndGlobalSection
	GlobalSection(SolutionProperties) = preSolution
		HideSolutionNode = FALSE
	EndGlobalSection
	GlobalSection(ExtensibilityGlobals) = postSolution
		SolutionGuid = {B4414F9C-8777-4918-B7E7-D83762F8B700}
	EndGlobalSection
EndGlobal
